// !$*UTF8*$!
{
	archiveVersion = 1;
	classes = {
	};
	objectVersion = 46;
	objects = {

/* Begin PBXGroup section */
		2BFAFB3C1A7B76E7007BAA73 = {
			isa = PBXGroup;
			children = (
			);
			sourceTree = "<group>";
		};
/* End PBXGroup section */

/* Begin PBXProject section */
		2BFAFB3D1A7B76E7007BAA73 /* Project object */ = {
			isa = PBXProject;
			attributes = {
				LastUpgradeCheck = 0610;
			};
			buildConfigurationList = 2BFAFB401A7B76E7007BAA73 /* Build configuration list for PBXProject "NodeBackend" */;
			compatibilityVersion = "Xcode 3.2";
			developmentRegion = English;
			hasScannedForEncodings = 0;
			knownRegions = (
				en,
			);
			mainGroup = 2BFAFB3C1A7B76E7007BAA73;
			projectDirPath = "";
			projectRoot = "";
			targets = (
			);
		};
/* End PBXProject section */

/* Begin XCBuildConfiguration section */
		2BFAFB411A7B76E7007BAA73 /* Debug */ = {
			isa = XCBuildConfiguration;
			buildSettings = {
			};
			name = Debug;
		};
		2BFAFB421A7B76E7007BAA73 /* Release */ = {
			isa = XCBuildConfiguration;
			buildSettings = {
			};
			name = Release;
		};
/* End XCBuildConfiguration section */

/* Begin XCConfigurationList section */
		2BFAFB401A7B76E7007BAA73 /* Build configuration list for PBXProject "NodeBackend" */ = {
			isa = XCConfigurationList;
			buildConfigurations = (
				2BFAFB411A7B76E7007BAA73 /* Debug */,
				2BFAFB421A7B76E7007BAA73 /* Release */,
			);
			defaultConfigurationIsVisible = 0;
			defaultConfigurationName = Release;
		};
/* End XCConfigurationList section */
	};
	rootObject = 2BFAFB3D1A7B76E7007BAA73 /* Project object */;
}
